{
  "pins" : [
    {
      "identity" : "audiokit",
      "kind" : "remoteSourceControl",
      "location" : "https://github.com/AudioKit/AudioKit.git",
      "state" : {
        "revision" : "af392ad3c01a89d1602e8a74b8876c0b76cd4134",
        "version" : "5.5.8"
      }
    },
    {
      "identity" : "audiokitui",
      "kind" : "remoteSourceControl",
      "location" : "https://github.com/AudioKit/AudioKitUI.git",
      "state" : {
        "revision" : "fd92646e5926da45e7817ee01b4d2931179dce50",
        "version" : "0.3.4"
      }
    },
    {
      "identity" : "controls",
      "kind" : "remoteSourceControl",
      "location" : "https://github.com/AudioKit/Controls.git",
      "state" : {
        "revision" : "5e1da73c34cfe60d5bdbd580dc395bd2da925191",
        "version" : "1.1.1"
      }
    }
  ],
  "version" : 2
}
