// !$*UTF8*$!
{
	archiveVersion = 1;
	classes = {
	};
	objectVersion = 56;
	objects = {

/* Begin PBXBuildFile section */
		13885B48C144D1D1B3E54905 /* Pods_PdProject.framework in Frameworks */ = {isa = PBXBuildFile; fileRef = 832537E2C3279DC5E0A0C52C /* Pods_PdProject.framework */; };
		742B74282953426F004E7966 /* PdEngine.swift in Sources */ = {isa = PBXBuildFile; fileRef = 742B74272953426F004E7966 /* PdEngine.swift */; };
		742B742A29534364004E7966 /* Patch.swift in Sources */ = {isa = PBXBuildFile; fileRef = 742B742929534364004E7966 /* Patch.swift */; };
		742B74332953444B004E7966 /* PDPatch.m in Sources */ = {isa = PBXBuildFile; fileRef = 742B743129534416004E7966 /* PDPatch.m */; };
		742B743C295346EC004E7966 /* audioTest.pd in Resources */ = {isa = PBXBuildFile; fileRef = 742B743B295346EC004E7966 /* audioTest.pd */; };
		742B743E29534929004E7966 /* PlayButton.swift in Sources */ = {isa = PBXBuildFile; fileRef = 742B743D29534929004E7966 /* PlayButton.swift */; };
		74491F0F2954EAAE00DB728C /* TransportSlider.swift in Sources */ = {isa = PBXBuildFile; fileRef = 74491F0E2954EAAE00DB728C /* TransportSlider.swift */; };
		74D2B95A2950E91A00724598 /* Fader.swift in Sources */ = {isa = PBXBuildFile; fileRef = 74D2B9572950E91A00724598 /* Fader.swift */; };
		74D2B95B2950E91A00724598 /* Bang.swift in Sources */ = {isa = PBXBuildFile; fileRef = 74D2B9582950E91A00724598 /* Bang.swift */; };
		74D2B95C2950E91A00724598 /* ViewModel.swift in Sources */ = {isa = PBXBuildFile; fileRef = 74D2B9592950E91A00724598 /* ViewModel.swift */; };
		74DCC22E2989B89400D0260B /* Colors.swift in Sources */ = {isa = PBXBuildFile; fileRef = 74DCC22D2989B89400D0260B /* Colors.swift */; };
		74DE1EE129426620005AFFF3 /* PdProjectApp.swift in Sources */ = {isa = PBXBuildFile; fileRef = 74DE1EE029426620005AFFF3 /* PdProjectApp.swift */; };
		74DE1EE529426621005AFFF3 /* Assets.xcassets in Resources */ = {isa = PBXBuildFile; fileRef = 74DE1EE429426621005AFFF3 /* Assets.xcassets */; };
		74DE1EE829426621005AFFF3 /* Preview Assets.xcassets in Resources */ = {isa = PBXBuildFile; fileRef = 74DE1EE729426621005AFFF3 /* Preview Assets.xcassets */; };
		74DE1EF82942736B005AFFF3 /* ContentView.swift in Sources */ = {isa = PBXBuildFile; fileRef = 74DE1EF72942736B005AFFF3 /* ContentView.swift */; };
		74E75E112953A8820014FB25 /* RecordButton.swift in Sources */ = {isa = PBXBuildFile; fileRef = 74E75E102953A8820014FB25 /* RecordButton.swift */; };
/* End PBXBuildFile section */

/* Begin PBXFileReference section */
		742B74272953426F004E7966 /* PdEngine.swift */ = {isa = PBXFileReference; lastKnownFileType = sourcecode.swift; path = PdEngine.swift; sourceTree = "<group>"; };
		742B742929534364004E7966 /* Patch.swift */ = {isa = PBXFileReference; lastKnownFileType = sourcecode.swift; path = Patch.swift; sourceTree = "<group>"; };
		742B743129534416004E7966 /* PDPatch.m */ = {isa = PBXFileReference; lastKnownFileType = sourcecode.c.objc; path = PDPatch.m; sourceTree = "<group>"; };
		742B743229534416004E7966 /* PDPatch.h */ = {isa = PBXFileReference; lastKnownFileType = sourcecode.c.h; path = PDPatch.h; sourceTree = "<group>"; };
		742B7434295345FF004E7966 /* Bridging-Header.h */ = {isa = PBXFileReference; lastKnownFileType = sourcecode.c.h; path = "Bridging-Header.h"; sourceTree = "<group>"; };
		742B743B295346EC004E7966 /* audioTest.pd */ = {isa = PBXFileReference; fileEncoding = 4; lastKnownFileType = text; path = audioTest.pd; sourceTree = "<group>"; };
		742B743D29534929004E7966 /* PlayButton.swift */ = {isa = PBXFileReference; lastKnownFileType = sourcecode.swift; path = PlayButton.swift; sourceTree = "<group>"; };
		74491F0E2954EAAE00DB728C /* TransportSlider.swift */ = {isa = PBXFileReference; lastKnownFileType = sourcecode.swift; path = TransportSlider.swift; sourceTree = "<group>"; };
		746A055529491E1B00AF5000 /* Info.plist */ = {isa = PBXFileReference; lastKnownFileType = text.plist; path = Info.plist; sourceTree = "<group>"; };
		74D2B9572950E91A00724598 /* Fader.swift */ = {isa = PBXFileReference; fileEncoding = 4; lastKnownFileType = sourcecode.swift; path = Fader.swift; sourceTree = "<group>"; };
		74D2B9582950E91A00724598 /* Bang.swift */ = {isa = PBXFileReference; fileEncoding = 4; lastKnownFileType = sourcecode.swift; path = Bang.swift; sourceTree = "<group>"; };
		74D2B9592950E91A00724598 /* ViewModel.swift */ = {isa = PBXFileReference; fileEncoding = 4; lastKnownFileType = sourcecode.swift; path = ViewModel.swift; sourceTree = "<group>"; };
		74DCC22D2989B89400D0260B /* Colors.swift */ = {isa = PBXFileReference; lastKnownFileType = sourcecode.swift; path = Colors.swift; sourceTree = "<group>"; };
		74DE1EDD29426620005AFFF3 /* PdProject.app */ = {isa = PBXFileReference; explicitFileType = wrapper.application; includeInIndex = 0; path = PdProject.app; sourceTree = BUILT_PRODUCTS_DIR; };
		74DE1EE029426620005AFFF3 /* PdProjectApp.swift */ = {isa = PBXFileReference; lastKnownFileType = sourcecode.swift; path = PdProjectApp.swift; sourceTree = "<group>"; };
		74DE1EE429426621005AFFF3 /* Assets.xcassets */ = {isa = PBXFileReference; lastKnownFileType = folder.assetcatalog; path = Assets.xcassets; sourceTree = "<group>"; };
		74DE1EE729426621005AFFF3 /* Preview Assets.xcassets */ = {isa = PBXFileReference; lastKnownFileType = folder.assetcatalog; path = "Preview Assets.xcassets"; sourceTree = "<group>"; };
		74DE1EF72942736B005AFFF3 /* ContentView.swift */ = {isa = PBXFileReference; fileEncoding = 4; lastKnownFileType = sourcecode.swift; path = ContentView.swift; sourceTree = "<group>"; };
		74E75E102953A8820014FB25 /* RecordButton.swift */ = {isa = PBXFileReference; lastKnownFileType = sourcecode.swift; path = RecordButton.swift; sourceTree = "<group>"; };
		832537E2C3279DC5E0A0C52C /* Pods_PdProject.framework */ = {isa = PBXFileReference; explicitFileType = wrapper.framework; includeInIndex = 0; path = Pods_PdProject.framework; sourceTree = BUILT_PRODUCTS_DIR; };
		C89BECAB565E82FAD4DA6674 /* Pods-PdProject.release.xcconfig */ = {isa = PBXFileReference; includeInIndex = 1; lastKnownFileType = text.xcconfig; name = "Pods-PdProject.release.xcconfig"; path = "Target Support Files/Pods-PdProject/Pods-PdProject.release.xcconfig"; sourceTree = "<group>"; };
		E578A526B59AD21CD340BC84 /* Pods-PdProject.debug.xcconfig */ = {isa = PBXFileReference; includeInIndex = 1; lastKnownFileType = text.xcconfig; name = "Pods-PdProject.debug.xcconfig"; path = "Target Support Files/Pods-PdProject/Pods-PdProject.debug.xcconfig"; sourceTree = "<group>"; };
/* End PBXFileReference section */

/* Begin PBXFrameworksBuildPhase section */
		74DE1EDA29426620005AFFF3 /* Frameworks */ = {
			isa = PBXFrameworksBuildPhase;
			buildActionMask = 2147483647;
			files = (
				13885B48C144D1D1B3E54905 /* Pods_PdProject.framework in Frameworks */,
			);
			runOnlyForDeploymentPostprocessing = 0;
		};
/* End PBXFrameworksBuildPhase section */

/* Begin PBXGroup section */
		526003258B8A7C80971AC84C /* Pods */ = {
			isa = PBXGroup;
			children = (
				E578A526B59AD21CD340BC84 /* Pods-PdProject.debug.xcconfig */,
				C89BECAB565E82FAD4DA6674 /* Pods-PdProject.release.xcconfig */,
			);
			path = Pods;
			sourceTree = "<group>";
		};
		742B742B295343A8004E7966 /* Views */ = {
			isa = PBXGroup;
			children = (
				74DCC22D2989B89400D0260B /* Colors.swift */,
				74D2B9582950E91A00724598 /* Bang.swift */,
				742B743D29534929004E7966 /* PlayButton.swift */,
				74E75E102953A8820014FB25 /* RecordButton.swift */,
				74D2B9572950E91A00724598 /* Fader.swift */,
				74DE1EF72942736B005AFFF3 /* ContentView.swift */,
				74491F0E2954EAAE00DB728C /* TransportSlider.swift */,
			);
			path = Views;
			sourceTree = "<group>";
		};
		742B742C295343B8004E7966 /* View Model */ = {
			isa = PBXGroup;
			children = (
				74D2B9592950E91A00724598 /* ViewModel.swift */,
			);
			path = "View Model";
			sourceTree = "<group>";
		};
		742B742D295343C5004E7966 /* Models */ = {
			isa = PBXGroup;
			children = (
				742B742929534364004E7966 /* Patch.swift */,
				742B74272953426F004E7966 /* PdEngine.swift */,
			);
			path = Models;
			sourceTree = "<group>";
		};
		742B742E295343CF004E7966 /* PDFiles */ = {
			isa = PBXGroup;
			children = (
				742B743B295346EC004E7966 /* audioTest.pd */,
			);
			path = PDFiles;
			sourceTree = "<group>";
		};
		74DE1ED429426620005AFFF3 = {
			isa = PBXGroup;
			children = (
				74DE1EDF29426620005AFFF3 /* PdProject */,
				74DE1EDE29426620005AFFF3 /* Products */,
				526003258B8A7C80971AC84C /* Pods */,
				8CBD7923CFE833A57ED1C7A3 /* Frameworks */,
			);
			sourceTree = "<group>";
		};
		74DE1EDE29426620005AFFF3 /* Products */ = {
			isa = PBXGroup;
			children = (
				74DE1EDD29426620005AFFF3 /* PdProject.app */,
			);
			name = Products;
			sourceTree = "<group>";
		};
		74DE1EDF29426620005AFFF3 /* PdProject */ = {
			isa = PBXGroup;
			children = (
				746A055529491E1B00AF5000 /* Info.plist */,
				74DE1EE029426620005AFFF3 /* PdProjectApp.swift */,
				742B742D295343C5004E7966 /* Models */,
				742B742C295343B8004E7966 /* View Model */,
				742B742B295343A8004E7966 /* Views */,
				742B742E295343CF004E7966 /* PDFiles */,
				74DE1EE429426621005AFFF3 /* Assets.xcassets */,
				742B743229534416004E7966 /* PDPatch.h */,
				742B743129534416004E7966 /* PDPatch.m */,
				742B7434295345FF004E7966 /* Bridging-Header.h */,
				74DE1EE629426621005AFFF3 /* Preview Content */,
			);
			path = PdProject;
			sourceTree = "<group>";
		};
		74DE1EE629426621005AFFF3 /* Preview Content */ = {
			isa = PBXGroup;
			children = (
				74DE1EE729426621005AFFF3 /* Preview Assets.xcassets */,
			);
			path = "Preview Content";
			sourceTree = "<group>";
		};
		8CBD7923CFE833A57ED1C7A3 /* Frameworks */ = {
			isa = PBXGroup;
			children = (
				832537E2C3279DC5E0A0C52C /* Pods_PdProject.framework */,
			);
			name = Frameworks;
			sourceTree = "<group>";
		};
/* End PBXGroup section */

/* Begin PBXNativeTarget section */
		74DE1EDC29426620005AFFF3 /* PdProject */ = {
			isa = PBXNativeTarget;
			buildConfigurationList = 74DE1EEB29426621005AFFF3 /* Build configuration list for PBXNativeTarget "PdProject" */;
			buildPhases = (
				835D363B678F5458BCCF379E /* [CP] Check Pods Manifest.lock */,
				74DE1ED929426620005AFFF3 /* Sources */,
				74DE1EDA29426620005AFFF3 /* Frameworks */,
				74DE1EDB29426620005AFFF3 /* Resources */,
				27304626CAA811C97EDA3635 /* [CP] Embed Pods Frameworks */,
			);
			buildRules = (
			);
			dependencies = (
			);
			name = PdProject;
			packageProductDependencies = (
			);
			productName = PdProject;
			productReference = 74DE1EDD29426620005AFFF3 /* PdProject.app */;
			productType = "com.apple.product-type.application";
		};
/* End PBXNativeTarget section */

/* Begin PBXProject section */
		74DE1ED529426620005AFFF3 /* Project object */ = {
			isa = PBXProject;
			attributes = {
				BuildIndependentTargetsInParallel = 1;
				LastSwiftUpdateCheck = 1400;
				LastUpgradeCheck = 1400;
				TargetAttributes = {
					74DE1EDC29426620005AFFF3 = {
						CreatedOnToolsVersion = 14.0.1;
						LastSwiftMigration = 1400;
					};
				};
			};
			buildConfigurationList = 74DE1ED829426620005AFFF3 /* Build configuration list for PBXProject "PdProject" */;
			compatibilityVersion = "Xcode 14.0";
			developmentRegion = en;
			hasScannedForEncodings = 0;
			knownRegions = (
				en,
				Base,
			);
			mainGroup = 74DE1ED429426620005AFFF3;
			packageReferences = (
			);
			productRefGroup = 74DE1EDE29426620005AFFF3 /* Products */;
			projectDirPath = "";
			projectRoot = "";
			targets = (
				74DE1EDC29426620005AFFF3 /* PdProject */,
			);
		};
/* End PBXProject section */

/* Begin PBXResourcesBuildPhase section */
		74DE1EDB29426620005AFFF3 /* Resources */ = {
			isa = PBXResourcesBuildPhase;
			buildActionMask = 2147483647;
			files = (
				74DE1EE829426621005AFFF3 /* Preview Assets.xcassets in Resources */,
				742B743C295346EC004E7966 /* audioTest.pd in Resources */,
				74DE1EE529426621005AFFF3 /* Assets.xcassets in Resources */,
			);
			runOnlyForDeploymentPostprocessing = 0;
		};
/* End PBXResourcesBuildPhase section */

/* Begin PBXShellScriptBuildPhase section */
		27304626CAA811C97EDA3635 /* [CP] Embed Pods Frameworks */ = {
			isa = PBXShellScriptBuildPhase;
			buildActionMask = 2147483647;
			files = (
			);
			inputFileListPaths = (
				"${PODS_ROOT}/Target Support Files/Pods-PdProject/Pods-PdProject-frameworks-${CONFIGURATION}-input-files.xcfilelist",
			);
			name = "[CP] Embed Pods Frameworks";
			outputFileListPaths = (
				"${PODS_ROOT}/Target Support Files/Pods-PdProject/Pods-PdProject-frameworks-${CONFIGURATION}-output-files.xcfilelist",
			);
			runOnlyForDeploymentPostprocessing = 0;
			shellPath = /bin/sh;
			shellScript = "\"${PODS_ROOT}/Target Support Files/Pods-PdProject/Pods-PdProject-frameworks.sh\"\n";
			showEnvVarsInLog = 0;
		};
		835D363B678F5458BCCF379E /* [CP] Check Pods Manifest.lock */ = {
			isa = PBXShellScriptBuildPhase;
			buildActionMask = 2147483647;
			files = (
			);
			inputFileListPaths = (
			);
			inputPaths = (
				"${PODS_PODFILE_DIR_PATH}/Podfile.lock",
				"${PODS_ROOT}/Manifest.lock",
			);
			name = "[CP] Check Pods Manifest.lock";
			outputFileListPaths = (
			);
			outputPaths = (
				"$(DERIVED_FILE_DIR)/Pods-PdProject-checkManifestLockResult.txt",
			);
			runOnlyForDeploymentPostprocessing = 0;
			shellPath = /bin/sh;
			shellScript = "diff \"${PODS_PODFILE_DIR_PATH}/Podfile.lock\" \"${PODS_ROOT}/Manifest.lock\" > /dev/null\nif [ $? != 0 ] ; then\n    # print error to STDERR\n    echo \"error: The sandbox is not in sync with the Podfile.lock. Run 'pod install' or update your CocoaPods installation.\" >&2\n    exit 1\nfi\n# This output is used by Xcode 'outputs' to avoid re-running this script phase.\necho \"SUCCESS\" > \"${SCRIPT_OUTPUT_FILE_0}\"\n";
			showEnvVarsInLog = 0;
		};
/* End PBXShellScriptBuildPhase section */

/* Begin PBXSourcesBuildPhase section */
		74DE1ED929426620005AFFF3 /* Sources */ = {
			isa = PBXSourcesBuildPhase;
			buildActionMask = 2147483647;
			files = (
				742B74332953444B004E7966 /* PDPatch.m in Sources */,
				74DCC22E2989B89400D0260B /* Colors.swift in Sources */,
				742B74282953426F004E7966 /* PdEngine.swift in Sources */,
				742B743E29534929004E7966 /* PlayButton.swift in Sources */,
				74D2B95A2950E91A00724598 /* Fader.swift in Sources */,
				74E75E112953A8820014FB25 /* RecordButton.swift in Sources */,
				74D2B95B2950E91A00724598 /* Bang.swift in Sources */,
				74DE1EE129426620005AFFF3 /* PdProjectApp.swift in Sources */,
				74D2B95C2950E91A00724598 /* ViewModel.swift in Sources */,
				742B742A29534364004E7966 /* Patch.swift in Sources */,
				74491F0F2954EAAE00DB728C /* TransportSlider.swift in Sources */,
				74DE1EF82942736B005AFFF3 /* ContentView.swift in Sources */,
			);
			runOnlyForDeploymentPostprocessing = 0;
		};
/* End PBXSourcesBuildPhase section */

/* Begin XCBuildConfiguration section */
		74DE1EE929426621005AFFF3 /* Debug */ = {
			isa = XCBuildConfiguration;
			buildSettings = {
				ALWAYS_SEARCH_USER_PATHS = NO;
				CLANG_ANALYZER_NONNULL = YES;
				CLANG_ANALYZER_NUMBER_OBJECT_CONVERSION = YES_AGGRESSIVE;
				CLANG_CXX_LANGUAGE_STANDARD = "gnu++20";
				CLANG_ENABLE_MODULES = YES;
				CLANG_ENABLE_OBJC_ARC = YES;
				CLANG_ENABLE_OBJC_WEAK = YES;
				CLANG_WARN_BLOCK_CAPTURE_AUTORELEASING = YES;
				CLANG_WARN_BOOL_CONVERSION = YES;
				CLANG_WARN_COMMA = YES;
				CLANG_WARN_CONSTANT_CONVERSION = YES;
				CLANG_WARN_DEPRECATED_OBJC_IMPLEMENTATIONS = YES;
				CLANG_WARN_DIRECT_OBJC_ISA_USAGE = YES_ERROR;
				CLANG_WARN_DOCUMENTATION_COMMENTS = YES;
				CLANG_WARN_EMPTY_BODY = YES;
				CLANG_WARN_ENUM_CONVERSION = YES;
				CLANG_WARN_INFINITE_RECURSION = YES;
				CLANG_WARN_INT_CONVERSION = YES;
				CLANG_WARN_NON_LITERAL_NULL_CONVERSION = YES;
				CLANG_WARN_OBJC_IMPLICIT_RETAIN_SELF = YES;
				CLANG_WARN_OBJC_LITERAL_CONVERSION = YES;
				CLANG_WARN_OBJC_ROOT_CLASS = YES_ERROR;
				CLANG_WARN_QUOTED_INCLUDE_IN_FRAMEWORK_HEADER = YES;
				CLANG_WARN_RANGE_LOOP_ANALYSIS = YES;
				CLANG_WARN_STRICT_PROTOTYPES = YES;
				CLANG_WARN_SUSPICIOUS_MOVE = YES;
				CLANG_WARN_UNGUARDED_AVAILABILITY = YES_AGGRESSIVE;
				CLANG_WARN_UNREACHABLE_CODE = YES;
				CLANG_WARN__DUPLICATE_METHOD_MATCH = YES;
				COPY_PHASE_STRIP = NO;
				DEBUG_INFORMATION_FORMAT = dwarf;
				ENABLE_STRICT_OBJC_MSGSEND = YES;
				ENABLE_TESTABILITY = YES;
				GCC_C_LANGUAGE_STANDARD = gnu11;
				GCC_DYNAMIC_NO_PIC = NO;
				GCC_NO_COMMON_BLOCKS = YES;
				GCC_OPTIMIZATION_LEVEL = 0;
				GCC_PREPROCESSOR_DEFINITIONS = (
					"DEBUG=1",
					"$(inherited)",
				);
				GCC_WARN_64_TO_32_BIT_CONVERSION = YES;
				GCC_WARN_ABOUT_RETURN_TYPE = YES_ERROR;
				GCC_WARN_UNDECLARED_SELECTOR = YES;
				GCC_WARN_UNINITIALIZED_AUTOS = YES_AGGRESSIVE;
				GCC_WARN_UNUSED_FUNCTION = YES;
				GCC_WARN_UNUSED_VARIABLE = YES;
				IPHONEOS_DEPLOYMENT_TARGET = 16.0;
				MTL_ENABLE_DEBUG_INFO = INCLUDE_SOURCE;
				MTL_FAST_MATH = YES;
				ONLY_ACTIVE_ARCH = YES;
				SDKROOT = iphoneos;
				SWIFT_ACTIVE_COMPILATION_CONDITIONS = DEBUG;
				SWIFT_OPTIMIZATION_LEVEL = "-Onone";
			};
			name = Debug;
		};
		74DE1EEA29426621005AFFF3 /* Release */ = {
			isa = XCBuildConfiguration;
			buildSettings = {
				ALWAYS_SEARCH_USER_PATHS = NO;
				CLANG_ANALYZER_NONNULL = YES;
				CLANG_ANALYZER_NUMBER_OBJECT_CONVERSION = YES_AGGRESSIVE;
				CLANG_CXX_LANGUAGE_STANDARD = "gnu++20";
				CLANG_ENABLE_MODULES = YES;
				CLANG_ENABLE_OBJC_ARC = YES;
				CLANG_ENABLE_OBJC_WEAK = YES;
				CLANG_WARN_BLOCK_CAPTURE_AUTORELEASING = YES;
				CLANG_WARN_BOOL_CONVERSION = YES;
				CLANG_WARN_COMMA = YES;
				CLANG_WARN_CONSTANT_CONVERSION = YES;
				CLANG_WARN_DEPRECATED_OBJC_IMPLEMENTATIONS = YES;
				CLANG_WARN_DIRECT_OBJC_ISA_USAGE = YES_ERROR;
				CLANG_WARN_DOCUMENTATION_COMMENTS = YES;
				CLANG_WARN_EMPTY_BODY = YES;
				CLANG_WARN_ENUM_CONVERSION = YES;
				CLANG_WARN_INFINITE_RECURSION = YES;
				CLANG_WARN_INT_CONVERSION = YES;
				CLANG_WARN_NON_LITERAL_NULL_CONVERSION = YES;
				CLANG_WARN_OBJC_IMPLICIT_RETAIN_SELF = YES;
				CLANG_WARN_OBJC_LITERAL_CONVERSION = YES;
				CLANG_WARN_OBJC_ROOT_CLASS = YES_ERROR;
				CLANG_WARN_QUOTED_INCLUDE_IN_FRAMEWORK_HEADER = YES;
				CLANG_WARN_RANGE_LOOP_ANALYSIS = YES;
				CLANG_WARN_STRICT_PROTOTYPES = YES;
				CLANG_WARN_SUSPICIOUS_MOVE = YES;
				CLANG_WARN_UNGUARDED_AVAILABILITY = YES_AGGRESSIVE;
				CLANG_WARN_UNREACHABLE_CODE = YES;
				CLANG_WARN__DUPLICATE_METHOD_MATCH = YES;
				COPY_PHASE_STRIP = NO;
				DEBUG_INFORMATION_FORMAT = "dwarf-with-dsym";
				ENABLE_NS_ASSERTIONS = NO;
				ENABLE_STRICT_OBJC_MSGSEND = YES;
				GCC_C_LANGUAGE_STANDARD = gnu11;
				GCC_NO_COMMON_BLOCKS = YES;
				GCC_WARN_64_TO_32_BIT_CONVERSION = YES;
				GCC_WARN_ABOUT_RETURN_TYPE = YES_ERROR;
				GCC_WARN_UNDECLARED_SELECTOR = YES;
				GCC_WARN_UNINITIALIZED_AUTOS = YES_AGGRESSIVE;
				GCC_WARN_UNUSED_FUNCTION = YES;
				GCC_WARN_UNUSED_VARIABLE = YES;
				IPHONEOS_DEPLOYMENT_TARGET = 16.0;
				MTL_ENABLE_DEBUG_INFO = NO;
				MTL_FAST_MATH = YES;
				SDKROOT = iphoneos;
				SWIFT_COMPILATION_MODE = wholemodule;
				SWIFT_OPTIMIZATION_LEVEL = "-O";
				VALIDATE_PRODUCT = YES;
			};
			name = Release;
		};
		74DE1EEC29426621005AFFF3 /* Debug */ = {
			isa = XCBuildConfiguration;
			baseConfigurationReference = E578A526B59AD21CD340BC84 /* Pods-PdProject.debug.xcconfig */;
			buildSettings = {
				ASSETCATALOG_COMPILER_APPICON_NAME = AppIcon;
				ASSETCATALOG_COMPILER_GLOBAL_ACCENT_COLOR_NAME = AccentColor;
				CLANG_ENABLE_MODULES = YES;
				CODE_SIGN_STYLE = Automatic;
				CURRENT_PROJECT_VERSION = 1;
				DEVELOPMENT_ASSET_PATHS = "\"PdProject/Preview Content\"";
				DEVELOPMENT_TEAM = 3UR85MK9RT;
				ENABLE_PREVIEWS = YES;
				GENERATE_INFOPLIST_FILE = YES;
				INFOPLIST_FILE = PdProject/Info.plist;
				INFOPLIST_KEY_UIApplicationSceneManifest_Generation = YES;
				INFOPLIST_KEY_UIApplicationSupportsIndirectInputEvents = YES;
				INFOPLIST_KEY_UILaunchScreen_Generation = YES;
				INFOPLIST_KEY_UISupportedInterfaceOrientations_iPad = "UIInterfaceOrientationPortrait UIInterfaceOrientationPortraitUpsideDown UIInterfaceOrientationLandscapeLeft UIInterfaceOrientationLandscapeRight";
				INFOPLIST_KEY_UISupportedInterfaceOrientations_iPhone = "UIInterfaceOrientationPortrait UIInterfaceOrientationLandscapeLeft UIInterfaceOrientationLandscapeRight";
				LD_RUNPATH_SEARCH_PATHS = (
					"$(inherited)",
					"@executable_path/Frameworks",
				);
				MARKETING_VERSION = 1.0;
				PRODUCT_BUNDLE_IDENTIFIER = com.CoryTripathy.PdProject;
				PRODUCT_NAME = "$(TARGET_NAME)";
				SWIFT_EMIT_LOC_STRINGS = YES;
				SWIFT_OBJC_BRIDGING_HEADER = "PdProject/Bridging-Header.h";
				SWIFT_OPTIMIZATION_LEVEL = "-Onone";
				SWIFT_VERSION = 5.0;
				TARGETED_DEVICE_FAMILY = "1,2";
			};
			name = Debug;
		};
		74DE1EED29426621005AFFF3 /* Release */ = {
			isa = XCBuildConfiguration;
			baseConfigurationReference = C89BECAB565E82FAD4DA6674 /* Pods-PdProject.release.xcconfig */;
			buildSettings = {
				ASSETCATALOG_COMPILER_APPICON_NAME = AppIcon;
				ASSETCATALOG_COMPILER_GLOBAL_ACCENT_COLOR_NAME = AccentColor;
				CLANG_ENABLE_MODULES = YES;
				CODE_SIGN_STYLE = Automatic;
				CURRENT_PROJECT_VERSION = 1;
				DEVELOPMENT_ASSET_PATHS = "\"PdProject/Preview Content\"";
				DEVELOPMENT_TEAM = 3UR85MK9RT;
				ENABLE_PREVIEWS = YES;
				GENERATE_INFOPLIST_FILE = YES;
				INFOPLIST_FILE = PdProject/Info.plist;
				INFOPLIST_KEY_UIApplicationSceneManifest_Generation = YES;
				INFOPLIST_KEY_UIApplicationSupportsIndirectInputEvents = YES;
				INFOPLIST_KEY_UILaunchScreen_Generation = YES;
				INFOPLIST_KEY_UISupportedInterfaceOrientations_iPad = "UIInterfaceOrientationPortrait UIInterfaceOrientationPortraitUpsideDown UIInterfaceOrientationLandscapeLeft UIInterfaceOrientationLandscapeRight";
				INFOPLIST_KEY_UISupportedInterfaceOrientations_iPhone = "UIInterfaceOrientationPortrait UIInterfaceOrientationLandscapeLeft UIInterfaceOrientationLandscapeRight";
				LD_RUNPATH_SEARCH_PATHS = (
					"$(inherited)",
					"@executable_path/Frameworks",
				);
				MARKETING_VERSION = 1.0;
				PRODUCT_BUNDLE_IDENTIFIER = com.CoryTripathy.PdProject;
				PRODUCT_NAME = "$(TARGET_NAME)";
				SWIFT_EMIT_LOC_STRINGS = YES;
				SWIFT_OBJC_BRIDGING_HEADER = "PdProject/Bridging-Header.h";
				SWIFT_VERSION = 5.0;
				TARGETED_DEVICE_FAMILY = "1,2";
			};
			name = Release;
		};
/* End XCBuildConfiguration section */

/* Begin XCConfigurationList section */
		74DE1ED829426620005AFFF3 /* Build configuration list for PBXProject "PdProject" */ = {
			isa = XCConfigurationList;
			buildConfigurations = (
				74DE1EE929426621005AFFF3 /* Debug */,
				74DE1EEA29426621005AFFF3 /* Release */,
			);
			defaultConfigurationIsVisible = 0;
			defaultConfigurationName = Release;
		};
		74DE1EEB29426621005AFFF3 /* Build configuration list for PBXNativeTarget "PdProject" */ = {
			isa = XCConfigurationList;
			buildConfigurations = (
				74DE1EEC29426621005AFFF3 /* Debug */,
				74DE1EED29426621005AFFF3 /* Release */,
			);
			defaultConfigurationIsVisible = 0;
			defaultConfigurationName = Release;
		};
/* End XCConfigurationList section */
	};
	rootObject = 74DE1ED529426620005AFFF3 /* Project object */;
}
